
Microsoft Visual Studio Solution File, Format Version 12.00
# Visual Studio Version 16
VisualStudioVersion = 16.0.32602.291
MinimumVisualStudioVersion = 10.0.40219.1
Project("{FAE04EC0-301F-11D3-BF4B-00C04F79EFBC}") = "CodewarsTasks", "CodewarsTasks\CodewarsTasks.csproj", "{68329F7C-0E2E-40B8-A4CE-AD1FEBDC0757}"
EndProject
Project("{FAE04EC0-301F-11D3-BF4B-00C04F79EFBC}") = "CodewarsTasks.Tests", "CodewarsTasks.Tests\CodewarsTasks.Tests.csproj", "{AEE39137-7969-4D74-8FC7-1C28E614331C}"
EndProject
Global
	GlobalSection(SolutionConfigurationPlatforms) = preSolution
		Debug|Any CPU = Debug|Any CPU
		Release|Any CPU = Release|Any CPU
	EndGlobalSection
	GlobalSection(ProjectConfigurationPlatforms) = postSolution
		{68329F7C-0E2E-40B8-A4CE-AD1FEBDC0757}.Debug|Any CPU.ActiveCfg = Debug|Any CPU
		{68329F7C-0E2E-40B8-A4CE-AD1FEBDC0757}.Debug|Any CPU.Build.0 = Debug|Any CPU
		{68329F7C-0E2E-40B8-A4CE-AD1FEBDC0757}.Release|Any CPU.ActiveCfg = Release|Any CPU
		{68329F7C-0E2E-40B8-A4CE-AD1FEBDC0757}.Release|Any CPU.Build.0 = Release|Any CPU
		{AEE39137-7969-4D74-8FC7-1C28E614331C}.Debug|Any CPU.ActiveCfg = Debug|Any CPU
		{AEE39137-7969-4D74-8FC7-1C28E614331C}.Debug|Any CPU.Build.0 = Debug|Any CPU
		{AEE39137-7969-4D74-8FC7-1C28E614331C}.Release|Any CPU.ActiveCfg = Release|Any CPU
		{AEE39137-7969-4D74-8FC7-1C28E614331C}.Release|Any CPU.Build.0 = Release|Any CPU
	EndGlobalSection
	GlobalSection(SolutionProperties) = preSolution
		HideSolutionNode = FALSE
	EndGlobalSection
	GlobalSection(ExtensibilityGlobals) = postSolution
		SolutionGuid = {3C552615-0DCE-4CB8-9AB8-3E02B366135C}
	EndGlobalSection
EndGlobal
