
Microsoft Visual Studio Solution File, Format Version 12.00
# Visual Studio Version 16
VisualStudioVersion = 16.0.32002.261
MinimumVisualStudioVersion = 10.0.40219.1
Project("{FAE04EC0-301F-11D3-BF4B-00C04F79EFBC}") = "ExampleSQLApp", "ExampleSQLApp\ExampleSQLApp.csproj", "{DAA65DA5-B2F0-4A33-AB20-24CC8B431B39}"
EndProject
Global
	GlobalSection(SolutionConfigurationPlatforms) = preSolution
		Debug|Any CPU = Debug|Any CPU
		Release|Any CPU = Release|Any CPU
	EndGlobalSection
	GlobalSection(ProjectConfigurationPlatforms) = postSolution
		{DAA65DA5-B2F0-4A33-AB20-24CC8B431B39}.Debug|Any CPU.ActiveCfg = Debug|Any CPU
		{DAA65DA5-B2F0-4A33-AB20-24CC8B431B39}.Debug|Any CPU.Build.0 = Debug|Any CPU
		{DAA65DA5-B2F0-4A33-AB20-24CC8B431B39}.Release|Any CPU.ActiveCfg = Release|Any CPU
		{DAA65DA5-B2F0-4A33-AB20-24CC8B431B39}.Release|Any CPU.Build.0 = Release|Any CPU
	EndGlobalSection
	GlobalSection(SolutionProperties) = preSolution
		HideSolutionNode = FALSE
	EndGlobalSection
	GlobalSection(ExtensibilityGlobals) = postSolution
		SolutionGuid = {3909B0C3-8221-4130-B0A8-F27D954C3766}
	EndGlobalSection
EndGlobal
