
Microsoft Visual Studio Solution File, Format Version 12.00
# Visual Studio Version 17
VisualStudioVersion = 17.4.33403.182
MinimumVisualStudioVersion = 10.0.40219.1
Project("{FAE04EC0-301F-11D3-BF4B-00C04F79EFBC}") = "RabbitSender", "RabbitSender\RabbitSender.csproj", "{A60575A2-E948-497D-A229-10A7CDDFC3FD}"
EndProject
Project("{FAE04EC0-301F-11D3-BF4B-00C04F79EFBC}") = "RabbitReceiver1", "RabbitReceiver1\RabbitReceiver1.csproj", "{3AA59BC5-B843-4207-A098-814C06130307}"
EndProject
Project("{FAE04EC0-301F-11D3-BF4B-00C04F79EFBC}") = "RabbitReceiver2", "RabbitReceiver2\RabbitReceiver2.csproj", "{A231B626-E985-45B5-AE3D-2621979F3CD5}"
EndProject
Global
	GlobalSection(SolutionConfigurationPlatforms) = preSolution
		Debug|Any CPU = Debug|Any CPU
		Release|Any CPU = Release|Any CPU
	EndGlobalSection
	GlobalSection(ProjectConfigurationPlatforms) = postSolution
		{A60575A2-E948-497D-A229-10A7CDDFC3FD}.Debug|Any CPU.ActiveCfg = Debug|Any CPU
		{A60575A2-E948-497D-A229-10A7CDDFC3FD}.Debug|Any CPU.Build.0 = Debug|Any CPU
		{A60575A2-E948-497D-A229-10A7CDDFC3FD}.Release|Any CPU.ActiveCfg = Release|Any CPU
		{A60575A2-E948-497D-A229-10A7CDDFC3FD}.Release|Any CPU.Build.0 = Release|Any CPU
		{3AA59BC5-B843-4207-A098-814C06130307}.Debug|Any CPU.ActiveCfg = Debug|Any CPU
		{3AA59BC5-B843-4207-A098-814C06130307}.Debug|Any CPU.Build.0 = Debug|Any CPU
		{3AA59BC5-B843-4207-A098-814C06130307}.Release|Any CPU.ActiveCfg = Release|Any CPU
		{3AA59BC5-B843-4207-A098-814C06130307}.Release|Any CPU.Build.0 = Release|Any CPU
		{A231B626-E985-45B5-AE3D-2621979F3CD5}.Debug|Any CPU.ActiveCfg = Debug|Any CPU
		{A231B626-E985-45B5-AE3D-2621979F3CD5}.Debug|Any CPU.Build.0 = Debug|Any CPU
		{A231B626-E985-45B5-AE3D-2621979F3CD5}.Release|Any CPU.ActiveCfg = Release|Any CPU
		{A231B626-E985-45B5-AE3D-2621979F3CD5}.Release|Any CPU.Build.0 = Release|Any CPU
	EndGlobalSection
	GlobalSection(SolutionProperties) = preSolution
		HideSolutionNode = FALSE
	EndGlobalSection
	GlobalSection(ExtensibilityGlobals) = postSolution
		SolutionGuid = {E34DD01B-3270-47F0-BF98-994A4099087F}
	EndGlobalSection
EndGlobal
