
Microsoft Visual Studio Solution File, Format Version 12.00
# Visual Studio Version 17
VisualStudioVersion = 17.2.32602.215
MinimumVisualStudioVersion = 10.0.40219.1
Project("{FAE04EC0-301F-11D3-BF4B-00C04F79EFBC}") = "ConsoleUI", "ConsoleUI\ConsoleUI.csproj", "{D80388C2-6385-4679-9325-C41EFB085C34}"
EndProject
Project("{FAE04EC0-301F-11D3-BF4B-00C04F79EFBC}") = "LSPLibrary", "LSPLibrary\LSPLibrary.csproj", "{F3CE2007-E749-4F76-AC36-A9082A25A323}"
EndProject
Global
	GlobalSection(SolutionConfigurationPlatforms) = preSolution
		Debug|Any CPU = Debug|Any CPU
		Release|Any CPU = Release|Any CPU
	EndGlobalSection
	GlobalSection(ProjectConfigurationPlatforms) = postSolution
		{D80388C2-6385-4679-9325-C41EFB085C34}.Debug|Any CPU.ActiveCfg = Debug|Any CPU
		{D80388C2-6385-4679-9325-C41EFB085C34}.Debug|Any CPU.Build.0 = Debug|Any CPU
		{D80388C2-6385-4679-9325-C41EFB085C34}.Release|Any CPU.ActiveCfg = Release|Any CPU
		{D80388C2-6385-4679-9325-C41EFB085C34}.Release|Any CPU.Build.0 = Release|Any CPU
		{F3CE2007-E749-4F76-AC36-A9082A25A323}.Debug|Any CPU.ActiveCfg = Debug|Any CPU
		{F3CE2007-E749-4F76-AC36-A9082A25A323}.Debug|Any CPU.Build.0 = Debug|Any CPU
		{F3CE2007-E749-4F76-AC36-A9082A25A323}.Release|Any CPU.ActiveCfg = Release|Any CPU
		{F3CE2007-E749-4F76-AC36-A9082A25A323}.Release|Any CPU.Build.0 = Release|Any CPU
	EndGlobalSection
	GlobalSection(SolutionProperties) = preSolution
		HideSolutionNode = FALSE
	EndGlobalSection
	GlobalSection(ExtensibilityGlobals) = postSolution
		SolutionGuid = {F2C387EF-7B5D-4172-837C-FF030629D280}
	EndGlobalSection
EndGlobal
