
Microsoft Visual Studio Solution File, Format Version 12.00
# Visual Studio Version 17
VisualStudioVersion = 17.2.32616.157
MinimumVisualStudioVersion = 10.0.40219.1
Project("{FAE04EC0-301F-11D3-BF4B-00C04F79EFBC}") = "SimplePaint", "SimplePaint\SimplePaint.csproj", "{C1289A70-A6C5-4CB5-8488-7B9C8139BE22}"
EndProject
Global
	GlobalSection(SolutionConfigurationPlatforms) = preSolution
		Debug|Any CPU = Debug|Any CPU
		Release|Any CPU = Release|Any CPU
	EndGlobalSection
	GlobalSection(ProjectConfigurationPlatforms) = postSolution
		{C1289A70-A6C5-4CB5-8488-7B9C8139BE22}.Debug|Any CPU.ActiveCfg = Debug|Any CPU
		{C1289A70-A6C5-4CB5-8488-7B9C8139BE22}.Debug|Any CPU.Build.0 = Debug|Any CPU
		{C1289A70-A6C5-4CB5-8488-7B9C8139BE22}.Release|Any CPU.ActiveCfg = Release|Any CPU
		{C1289A70-A6C5-4CB5-8488-7B9C8139BE22}.Release|Any CPU.Build.0 = Release|Any CPU
	EndGlobalSection
	GlobalSection(SolutionProperties) = preSolution
		HideSolutionNode = FALSE
	EndGlobalSection
	GlobalSection(ExtensibilityGlobals) = postSolution
		SolutionGuid = {80FFAA60-CB12-47DE-B5C5-52D0B39B6600}
	EndGlobalSection
EndGlobal
