
Microsoft Visual Studio Solution File, Format Version 12.00
# Visual Studio Version 17
VisualStudioVersion = 17.2.32602.215
MinimumVisualStudioVersion = 10.0.40219.1
Project("{FAE04EC0-301F-11D3-BF4B-00C04F79EFBC}") = "ConsoleUI", "ConsoleUI\ConsoleUI.csproj", "{EB7FA27C-20F6-4E7A-B3FD-BD54C10D643A}"
EndProject
Global
	GlobalSection(SolutionConfigurationPlatforms) = preSolution
		Debug|Any CPU = Debug|Any CPU
		Release|Any CPU = Release|Any CPU
	EndGlobalSection
	GlobalSection(ProjectConfigurationPlatforms) = postSolution
		{EB7FA27C-20F6-4E7A-B3FD-BD54C10D643A}.Debug|Any CPU.ActiveCfg = Debug|Any CPU
		{EB7FA27C-20F6-4E7A-B3FD-BD54C10D643A}.Debug|Any CPU.Build.0 = Debug|Any CPU
		{EB7FA27C-20F6-4E7A-B3FD-BD54C10D643A}.Release|Any CPU.ActiveCfg = Release|Any CPU
		{EB7FA27C-20F6-4E7A-B3FD-BD54C10D643A}.Release|Any CPU.Build.0 = Release|Any CPU
	EndGlobalSection
	GlobalSection(SolutionProperties) = preSolution
		HideSolutionNode = FALSE
	EndGlobalSection
	GlobalSection(ExtensibilityGlobals) = postSolution
		SolutionGuid = {95CDD56B-1149-4330-8A64-C59422EADA55}
	EndGlobalSection
EndGlobal
