
Microsoft Visual Studio Solution File, Format Version 12.00
# Visual Studio Version 17
VisualStudioVersion = 17.4.33403.182
MinimumVisualStudioVersion = 10.0.40219.1
Project("{9A19103F-16F7-4668-BE54-9A1E7A4F7556}") = "PlatformService", "PlatformService\PlatformService.csproj", "{A48D0923-6517-4593-A435-0A0E896A6208}"
EndProject
Project("{2150E333-8FDC-42A3-9474-1A3956D46DE8}") = "K8S", "K8S", "{0D373F71-61EE-4CB4-9D38-9D00AAC6E76E}"
	ProjectSection(SolutionItems) = preProject
		platforms-depl.yaml = platforms-depl.yaml
		platforms-np-srv.yaml = platforms-np-srv.yaml
	EndProjectSection
EndProject
Global
	GlobalSection(SolutionConfigurationPlatforms) = preSolution
		Debug|Any CPU = Debug|Any CPU
		Release|Any CPU = Release|Any CPU
	EndGlobalSection
	GlobalSection(ProjectConfigurationPlatforms) = postSolution
		{A48D0923-6517-4593-A435-0A0E896A6208}.Debug|Any CPU.ActiveCfg = Debug|Any CPU
		{A48D0923-6517-4593-A435-0A0E896A6208}.Debug|Any CPU.Build.0 = Debug|Any CPU
		{A48D0923-6517-4593-A435-0A0E896A6208}.Release|Any CPU.ActiveCfg = Release|Any CPU
		{A48D0923-6517-4593-A435-0A0E896A6208}.Release|Any CPU.Build.0 = Release|Any CPU
	EndGlobalSection
	GlobalSection(SolutionProperties) = preSolution
		HideSolutionNode = FALSE
	EndGlobalSection
	GlobalSection(ExtensibilityGlobals) = postSolution
		SolutionGuid = {7FA4F3F8-E306-4694-B83E-621B9317848B}
	EndGlobalSection
EndGlobal
