
Microsoft Visual Studio Solution File, Format Version 12.00
# Visual Studio Version 17
VisualStudioVersion = 17.4.33205.214
MinimumVisualStudioVersion = 10.0.40219.1
Project("{FAE04EC0-301F-11D3-BF4B-00C04F79EFBC}") = "GrpcServer", "GrpcServer\GrpcServer.csproj", "{CCBA58CC-7ED2-4491-8D2B-2070ADD58287}"
EndProject
Project("{FAE04EC0-301F-11D3-BF4B-00C04F79EFBC}") = "GrpcConsoleClient", "GrpcConsoleClient\GrpcConsoleClient.csproj", "{7A99957B-70D0-4186-B38A-A712F30502AD}"
EndProject
Global
	GlobalSection(SolutionConfigurationPlatforms) = preSolution
		Debug|Any CPU = Debug|Any CPU
		Release|Any CPU = Release|Any CPU
	EndGlobalSection
	GlobalSection(ProjectConfigurationPlatforms) = postSolution
		{CCBA58CC-7ED2-4491-8D2B-2070ADD58287}.Debug|Any CPU.ActiveCfg = Debug|Any CPU
		{CCBA58CC-7ED2-4491-8D2B-2070ADD58287}.Debug|Any CPU.Build.0 = Debug|Any CPU
		{CCBA58CC-7ED2-4491-8D2B-2070ADD58287}.Release|Any CPU.ActiveCfg = Release|Any CPU
		{CCBA58CC-7ED2-4491-8D2B-2070ADD58287}.Release|Any CPU.Build.0 = Release|Any CPU
		{7A99957B-70D0-4186-B38A-A712F30502AD}.Debug|Any CPU.ActiveCfg = Debug|Any CPU
		{7A99957B-70D0-4186-B38A-A712F30502AD}.Debug|Any CPU.Build.0 = Debug|Any CPU
		{7A99957B-70D0-4186-B38A-A712F30502AD}.Release|Any CPU.ActiveCfg = Release|Any CPU
		{7A99957B-70D0-4186-B38A-A712F30502AD}.Release|Any CPU.Build.0 = Release|Any CPU
	EndGlobalSection
	GlobalSection(SolutionProperties) = preSolution
		HideSolutionNode = FALSE
	EndGlobalSection
	GlobalSection(ExtensibilityGlobals) = postSolution
		SolutionGuid = {17D36D86-5808-4AF0-9220-8625CEE3508E}
	EndGlobalSection
EndGlobal
